
Microsoft Visual Studio Solution File, Format Version 12.00
# Visual Studio Version 16
VisualStudioVersion = 16.0.29424.173
MinimumVisualStudioVersion = 10.0.40219.1
Project("{FAE04EC0-301F-11D3-BF4B-00C04F79EFBC}") = "DepartmentStuff", "DepartmentStuff\DepartmentStuff.csproj", "{6500526C-99B1-4B85-83B5-0DD7A1958FF8}"
EndProject
Global
	GlobalSection(SolutionConfigurationPlatforms) = preSolution
		Debug|Any CPU = Debug|Any CPU
		Release|Any CPU = Release|Any CPU
	EndGlobalSection
	GlobalSection(ProjectConfigurationPlatforms) = postSolution
		{6500526C-99B1-4B85-83B5-0DD7A1958FF8}.Debug|Any CPU.ActiveCfg = Debug|Any CPU
		{6500526C-99B1-4B85-83B5-0DD7A1958FF8}.Debug|Any CPU.Build.0 = Debug|Any CPU
		{6500526C-99B1-4B85-83B5-0DD7A1958FF8}.Release|Any CPU.ActiveCfg = Release|Any CPU
		{6500526C-99B1-4B85-83B5-0DD7A1958FF8}.Release|Any CPU.Build.0 = Release|Any CPU
	EndGlobalSection
	GlobalSection(SolutionProperties) = preSolution
		HideSolutionNode = FALSE
	EndGlobalSection
	GlobalSection(ExtensibilityGlobals) = postSolution
		SolutionGuid = {83AE2C01-80E1-421A-A12C-880583C473A8}
	EndGlobalSection
EndGlobal
